
Microsoft Visual Studio Solution File, Format Version 12.00
Project("{FAE04EC0-301F-11D3-BF4B-00C04F79EFBC}") = "waw-chat-service", "waw-chat-service\waw-chat-service.csproj", "{1DB40767-D923-4B8F-B2C7-1A86024C5168}"
EndProject
Global
	GlobalSection(SolutionConfigurationPlatforms) = preSolution
		Debug|Any CPU = Debug|Any CPU
		Release|Any CPU = Release|Any CPU
	EndGlobalSection
	GlobalSection(ProjectConfigurationPlatforms) = postSolution
		{1DB40767-D923-4B8F-B2C7-1A86024C5168}.Debug|Any CPU.ActiveCfg = Debug|Any CPU
		{1DB40767-D923-4B8F-B2C7-1A86024C5168}.Debug|Any CPU.Build.0 = Debug|Any CPU
		{1DB40767-D923-4B8F-B2C7-1A86024C5168}.Release|Any CPU.ActiveCfg = Release|Any CPU
		{1DB40767-D923-4B8F-B2C7-1A86024C5168}.Release|Any CPU.Build.0 = Release|Any CPU
	EndGlobalSection
EndGlobal
